{
   "name": "shortcut",
   "version": "0.0.1",
   "lockfileVersion": 1,
   "requires": true,
   "dependencies": {
      "@types/dotenv": {
         "version": "4.0.3",
         "resolved": "https://registry.npmjs.org/@types/dotenv/-/dotenv-4.0.3.tgz",
         "integrity": "sha512-mmhpINC/HcLGQK5ikFJlLXINVvcxhlrV+ZOUJSN7/ottYl+8X4oSXzS9lBtDkmWAl96EGyGyLrNvk9zqdSH8Fw==",
         "dev": true,
         "requires": {
            "@types/node": "10.11.3"
         },
         "dependencies": {
            "@types/node": {
               "version": "10.11.3",
               "resolved": "https://registry.npmjs.org/@types/node/-/node-10.11.3.tgz",
               "integrity": "sha512-3AvcEJAh9EMatxs+OxAlvAEs7OTy6AG94mcH1iqyVDwVVndekLxzwkWQ/Z4SDbY6GO2oyUXyWW8tQ4rENSSQVQ==",
               "dev": true
            }
         }
      }
   }
}
